
Microsoft Visual Studio Solution File, Format Version 12.00
# Visual Studio Version 17
VisualStudioVersion = 17.0.31903.59
MinimumVisualStudioVersion = 10.0.40219.1
Project("{2150E333-8FDC-42A3-9474-1A3956D46DE8}") = "Server", "Server", "{E671CF12-C0C3-4ED4-A3AF-0370D76EF125}"
EndProject
Project("{9A19103F-16F7-4668-BE54-9A1E7A4F7556}") = "Server", "Server\Server.csproj", "{3ABC91AD-D7B1-42E9-B1CA-B5743E2D3C34}"
EndProject
Project("{2150E333-8FDC-42A3-9474-1A3956D46DE8}") = "Client", "Client", "{F355FE92-5E31-4D60-A7DD-A102877E2696}"
EndProject
Project("{9A19103F-16F7-4668-BE54-9A1E7A4F7556}") = "Client", "Client\Client.csproj", "{754AE0DB-D236-4AA9-99CF-6FF1EDD648C2}"
EndProject
Global
	GlobalSection(SolutionConfigurationPlatforms) = preSolution
		Debug|Any CPU = Debug|Any CPU
		Release|Any CPU = Release|Any CPU
	EndGlobalSection
	GlobalSection(ProjectConfigurationPlatforms) = postSolution
		{3ABC91AD-D7B1-42E9-B1CA-B5743E2D3C34}.Debug|Any CPU.ActiveCfg = Debug|Any CPU
		{3ABC91AD-D7B1-42E9-B1CA-B5743E2D3C34}.Debug|Any CPU.Build.0 = Debug|Any CPU
		{3ABC91AD-D7B1-42E9-B1CA-B5743E2D3C34}.Release|Any CPU.ActiveCfg = Release|Any CPU
		{3ABC91AD-D7B1-42E9-B1CA-B5743E2D3C34}.Release|Any CPU.Build.0 = Release|Any CPU
		{754AE0DB-D236-4AA9-99CF-6FF1EDD648C2}.Debug|Any CPU.ActiveCfg = Debug|Any CPU
		{754AE0DB-D236-4AA9-99CF-6FF1EDD648C2}.Debug|Any CPU.Build.0 = Debug|Any CPU
		{754AE0DB-D236-4AA9-99CF-6FF1EDD648C2}.Release|Any CPU.ActiveCfg = Release|Any CPU
		{754AE0DB-D236-4AA9-99CF-6FF1EDD648C2}.Release|Any CPU.Build.0 = Release|Any CPU
	EndGlobalSection
	GlobalSection(SolutionProperties) = preSolution
		HideSolutionNode = FALSE
	EndGlobalSection
	GlobalSection(NestedProjects) = preSolution
		{3ABC91AD-D7B1-42E9-B1CA-B5743E2D3C34} = {E671CF12-C0C3-4ED4-A3AF-0370D76EF125}
		{754AE0DB-D236-4AA9-99CF-6FF1EDD648C2} = {F355FE92-5E31-4D60-A7DD-A102877E2696}
	EndGlobalSection
	GlobalSection(ExtensibilityGlobals) = postSolution
		SolutionGuid = {999A3828-9E29-443D-AD8B-22A995F9F7DC}
	EndGlobalSection
EndGlobal
